{
    "doctrine/annotations": {
        "version": "1.0",
        "recipe": {
            "repo": "github.com/symfony/recipes",
            "branch": "master",
            "version": "1.0",
            "ref": "cb4152ebcadbe620ea2261da1a1c5a9b8cea7672"
        },
        "files": [
            "config/routes/annotations.yaml"
        ]
    },
    "doctrine/cache": {
        "version": "v1.8.0"
    },
    "doctrine/collections": {
        "version": "v1.6.2"
    },
    "doctrine/event-manager": {
        "version": "v1.0.0"
    },
    "doctrine/lexer": {
        "version": "1.1.0"
    },
    "doctrine/persistence": {
        "version": "1.1.1"
    },
    "doctrine/reflection": {
        "version": "v1.0.0"
    },
    "elasticsearch/elasticsearch": {
        "version": "v6.7.2"
    },
    "friendsofsymfony/elastica-bundle": {
        "version": "5.0",
        "recipe": {
            "repo": "github.com/symfony/recipes-contrib",
            "branch": "master",
            "version": "5.0",
            "ref": "a5638a07d11c8eef6f0280a20d6d1ddd91ad62ec"
        },
        "files": [
            "config/packages/fos_elastica.yaml"
        ]
    },
    "guzzlehttp/ringphp": {
        "version": "1.1.1"
    },
    "guzzlehttp/streams": {
        "version": "3.0.0"
    },
    "lcobucci/jwt": {
        "version": "3.3.1"
    },
    "lexik/jwt-authentication-bundle": {
        "version": "2.5",
        "recipe": {
            "repo": "github.com/symfony/recipes",
            "branch": "master",
            "version": "2.5",
            "ref": "5b2157bcd5778166a5696e42f552ad36529a07a6"
        },
        "files": [
            "config/packages/lexik_jwt_authentication.yaml"
        ]
    },
    "mlehner/gelf-php": {
        "version": "v1.1.0"
    },
    "monolog/monolog": {
        "version": "1.25.1"
    },
    "namshi/jose": {
        "version": "7.2.3"
    },
    "pagerfanta/pagerfanta": {
        "version": "v2.1.3"
    },
    "react/promise": {
        "version": "v2.7.1"
    },
    "ruflin/elastica": {
        "version": "6.1.1"
    },
    "sensio/framework-extra-bundle": {
        "version": "5.2",
        "recipe": {
            "repo": "github.com/symfony/recipes",
            "branch": "master",
            "version": "5.2",
            "ref": "fb7e19da7f013d0d422fa9bce16f5c510e27609b"
        },
        "files": [
            "config/packages/sensio_framework_extra.yaml"
        ]
    },
    "symfony/inflector": {
        "version": "v4.3.4"
    },
    "symfony/lock": {
        "version": "v4.3.4"
    },
    "symfony/monolog-bridge": {
        "version": "v4.3.4"
    },
    "symfony/monolog-bundle": {
        "version": "3.3",
        "recipe": {
            "repo": "github.com/symfony/recipes",
            "branch": "master",
            "version": "3.3",
            "ref": "6240c6d43e8237a32452f057f81816820fd56ab6"
        },
        "files": [
            "config/packages/dev/monolog.yaml",
            "config/packages/prod/monolog.yaml",
            "config/packages/test/monolog.yaml"
        ]
    },
    "symfony/property-access": {
        "version": "v4.3.4"
    },
    "symfony/security-bundle": {
        "version": "3.3",
        "recipe": {
            "repo": "github.com/symfony/recipes",
            "branch": "master",
            "version": "3.3",
            "ref": "e5a0228251d1dd2bca4c8ef918e14423c06db625"
        },
        "files": [
            "config/packages/security.yaml"
        ]
    },
    "symfony/security-core": {
        "version": "v4.3.4"
    },
    "symfony/security-csrf": {
        "version": "v4.3.4"
    },
    "symfony/security-guard": {
        "version": "v4.3.4"
    },
    "symfony/security-http": {
        "version": "v4.3.4"
    }
}
